
Microsoft Visual Studio Solution File, Format Version 12.00
# Visual Studio 2012
Project("{8BC9CEB8-8B4A-11D0-8D11-00A0C91BC942}") = "ReplayParser", "ReplayParser.vcxproj", "{6A675D42-20CE-4C69-A2C9-EEF2D0BB8082}"
EndProject
Global
	GlobalSection(SolutionConfigurationPlatforms) = preSolution
		Debug Lib|Win32 = Debug Lib|Win32
		Debug|Win32 = Debug|Win32
		Release Lib|Win32 = Release Lib|Win32
		Release|Win32 = Release|Win32
	EndGlobalSection
	GlobalSection(ProjectConfigurationPlatforms) = postSolution
		{6A675D42-20CE-4C69-A2C9-EEF2D0BB8082}.Debug Lib|Win32.ActiveCfg = Debug Lib|Win32
		{6A675D42-20CE-4C69-A2C9-EEF2D0BB8082}.Debug Lib|Win32.Build.0 = Debug Lib|Win32
		{6A675D42-20CE-4C69-A2C9-EEF2D0BB8082}.Debug|Win32.ActiveCfg = Debug|Win32
		{6A675D42-20CE-4C69-A2C9-EEF2D0BB8082}.Debug|Win32.Build.0 = Debug|Win32
		{6A675D42-20CE-4C69-A2C9-EEF2D0BB8082}.Release Lib|Win32.ActiveCfg = Release Lib|Win32
		{6A675D42-20CE-4C69-A2C9-EEF2D0BB8082}.Release Lib|Win32.Build.0 = Release Lib|Win32
		{6A675D42-20CE-4C69-A2C9-EEF2D0BB8082}.Release|Win32.ActiveCfg = Release|Win32
		{6A675D42-20CE-4C69-A2C9-EEF2D0BB8082}.Release|Win32.Build.0 = Release|Win32
	EndGlobalSection
	GlobalSection(SolutionProperties) = preSolution
		HideSolutionNode = FALSE
	EndGlobalSection
EndGlobal
